{
  "name": "htmltomarkdownnodejs",
  "version": "1.0.0",
  "lockfileVersion": 3,
  "requires": true,
  "packages": {
    "": {
      "name": "htmltomarkdownnodejs",
      "version": "1.0.0",
      "license": "ISC",
      "dependencies": {
        "turndown": "^7.1.3"
      }
    },
    "node_modules/domino": {
      "version": "2.1.6",
      "resolved": "https://registry.npmjs.org/domino/-/domino-2.1.6.tgz",
      "integrity": "sha512-3VdM/SXBZX2omc9JF9nOPCtDaYQ67BGp5CoLpIQlO2KCAPETs8TcDHacF26jXadGbvUteZzRTeos2fhID5+ucQ=="
    },
    "node_modules/turndown": {
      "version": "7.1.3",
      "resolved": "https://registry.npmjs.org/turndown/-/turndown-7.1.3.tgz",
      "integrity": "sha512-Z3/iJ6IWh8VBiACWQJaA5ulPQE5E1QwvBHj00uGzdQxdRnd8fh1DPqNOJqzQDu6DkOstORrtXzf/9adB+vMtEA==",
      "dependencies": {
        "domino": "^2.1.6"
      }
    }
  }
}
